// !$*UTF8*$!
{
	archiveVersion = 1;
	classes = {
	};
	objectVersion = 56;
	objects = {

/* Begin PBXBuildFile section */
		2B23DDAF2C18A5ED003B4BD7 /* DGCharts in Frameworks */ = {isa = PBXBuildFile; productRef = 2B23DDAE2C18A5ED003B4BD7 /* DGCharts */; };
		2B26993F2BE7C8E600D11508 /* FirebaseAuth in Frameworks */ = {isa = PBXBuildFile; productRef = 2B26993E2BE7C8E600D11508 /* FirebaseAuth */; };
		2B2699412BE7C8E600D11508 /* FirebaseAuthCombine-Community in Frameworks */ = {isa = PBXBuildFile; productRef = 2B2699402BE7C8E600D11508 /* FirebaseAuthCombine-Community */; };
		2B2699452BE7C8E600D11508 /* FirebaseDatabase in Frameworks */ = {isa = PBXBuildFile; productRef = 2B2699442BE7C8E600D11508 /* FirebaseDatabase */; };
		2B2699472BE7C8E600D11508 /* FirebaseDatabaseSwift in Frameworks */ = {isa = PBXBuildFile; productRef = 2B2699462BE7C8E600D11508 /* FirebaseDatabaseSwift */; };
		2B26994B2BE7C8E600D11508 /* FirebaseFirestore in Frameworks */ = {isa = PBXBuildFile; productRef = 2B26994A2BE7C8E600D11508 /* FirebaseFirestore */; };
		2B26994D2BE7C8E600D11508 /* FirebaseFirestoreCombine-Community in Frameworks */ = {isa = PBXBuildFile; productRef = 2B26994C2BE7C8E600D11508 /* FirebaseFirestoreCombine-Community */; };
		2B26994F2BE7C8E600D11508 /* FirebaseFirestoreSwift in Frameworks */ = {isa = PBXBuildFile; productRef = 2B26994E2BE7C8E600D11508 /* FirebaseFirestoreSwift */; };
		2B2699512BE7C8E600D11508 /* FirebaseFunctions in Frameworks */ = {isa = PBXBuildFile; productRef = 2B2699502BE7C8E600D11508 /* FirebaseFunctions */; };
		2B2699532BE7C8E600D11508 /* FirebaseFunctionsCombine-Community in Frameworks */ = {isa = PBXBuildFile; productRef = 2B2699522BE7C8E600D11508 /* FirebaseFunctionsCombine-Community */; };
		2B2699652BE7C8E600D11508 /* FirebaseStorage in Frameworks */ = {isa = PBXBuildFile; productRef = 2B2699642BE7C8E600D11508 /* FirebaseStorage */; };
		2B2699672BE7C8E600D11508 /* FirebaseStorageCombine-Community in Frameworks */ = {isa = PBXBuildFile; productRef = 2B2699662BE7C8E600D11508 /* FirebaseStorageCombine-Community */; };
		2B5AC8F52C18B6380053C2FB /* SessionManager.swift in Sources */ = {isa = PBXBuildFile; fileRef = 2B5AC8F22C18B6380053C2FB /* SessionManager.swift */; };
		2B5AC93E2C18BBC40053C2FB /* AlertFont.swift in Sources */ = {isa = PBXBuildFile; fileRef = 2B5AC93D2C18BBC40053C2FB /* AlertFont.swift */; };
		2B5AC9422C18BBDA0053C2FB /* AccountInfo.swift in Sources */ = {isa = PBXBuildFile; fileRef = 2B5AC93F2C18BBDA0053C2FB /* AccountInfo.swift */; };
		2B5AC9432C18BBDA0053C2FB /* Film.swift in Sources */ = {isa = PBXBuildFile; fileRef = 2B5AC9402C18BBDA0053C2FB /* Film.swift */; };
		2B5AC9442C18BBDA0053C2FB /* Review.swift in Sources */ = {isa = PBXBuildFile; fileRef = 2B5AC9412C18BBDA0053C2FB /* Review.swift */; };
		2B5AC9462C18BBF50053C2FB /* SceneDelegate.swift in Sources */ = {isa = PBXBuildFile; fileRef = 2B5AC9452C18BBF50053C2FB /* SceneDelegate.swift */; };
		2B5AC9482C18BC030053C2FB /* AppDelegate.swift in Sources */ = {isa = PBXBuildFile; fileRef = 2B5AC9472C18BC030053C2FB /* AppDelegate.swift */; };
		2B5AC94A2C18BC260053C2FB /* FirebaseFunc.swift in Sources */ = {isa = PBXBuildFile; fileRef = 2B5AC9492C18BC260053C2FB /* FirebaseFunc.swift */; };
		2B5AC94E2C18BC950053C2FB /* Assets.xcassets in Resources */ = {isa = PBXBuildFile; fileRef = 2B5AC94D2C18BC950053C2FB /* Assets.xcassets */; };
		2B5AC9532C18BD3D0053C2FB /* FavouriteViewModel.swift in Sources */ = {isa = PBXBuildFile; fileRef = 2B5AC94F2C18BD3C0053C2FB /* FavouriteViewModel.swift */; };
		2B5AC9542C18BD3D0053C2FB /* RateViewViewModels.swift in Sources */ = {isa = PBXBuildFile; fileRef = 2B5AC9502C18BD3C0053C2FB /* RateViewViewModels.swift */; };
		2B5AC9552C18BD3D0053C2FB /* FilmViewModels.swift in Sources */ = {isa = PBXBuildFile; fileRef = 2B5AC9512C18BD3C0053C2FB /* FilmViewModels.swift */; };
		2B5AC9562C18BD3D0053C2FB /* DetailViewModel.swift in Sources */ = {isa = PBXBuildFile; fileRef = 2B5AC9522C18BD3C0053C2FB /* DetailViewModel.swift */; };
		2B5AC95A2C18BE4B0053C2FB /* RegisterAccountViewModel.swift in Sources */ = {isa = PBXBuildFile; fileRef = 2B5AC9572C18BE4B0053C2FB /* RegisterAccountViewModel.swift */; };
		2B5AC95B2C18BE4B0053C2FB /* AccountInfoViewModel.swift in Sources */ = {isa = PBXBuildFile; fileRef = 2B5AC9582C18BE4B0053C2FB /* AccountInfoViewModel.swift */; };
		2B5AC95C2C18BE4B0053C2FB /* LoginViewModel.swift in Sources */ = {isa = PBXBuildFile; fileRef = 2B5AC9592C18BE4B0053C2FB /* LoginViewModel.swift */; };
		2B5AC95E2C18BE670053C2FB /* WelcomeScreenViewController.swift in Sources */ = {isa = PBXBuildFile; fileRef = 2B5AC95D2C18BE670053C2FB /* WelcomeScreenViewController.swift */; };
		2B5AC9602C18BED50053C2FB /* LoginViewController.swift in Sources */ = {isa = PBXBuildFile; fileRef = 2B5AC95F2C18BED50053C2FB /* LoginViewController.swift */; };
		2B5AC9622C18BEFD0053C2FB /* RegisterAccountViewController.swift in Sources */ = {isa = PBXBuildFile; fileRef = 2B5AC9612C18BEFD0053C2FB /* RegisterAccountViewController.swift */; };
		2B5AC9642C18BF0D0053C2FB /* AccountCreatedViewController.swift in Sources */ = {isa = PBXBuildFile; fileRef = 2B5AC9632C18BF0D0053C2FB /* AccountCreatedViewController.swift */; };
		2B5AC9662C18BF1D0053C2FB /* AccountInfoViewController.swift in Sources */ = {isa = PBXBuildFile; fileRef = 2B5AC9652C18BF1D0053C2FB /* AccountInfoViewController.swift */; };
		2B5AC9682C18BF3C0053C2FB /* AddUserInfoViewController.swift in Sources */ = {isa = PBXBuildFile; fileRef = 2B5AC9672C18BF3C0053C2FB /* AddUserInfoViewController.swift */; };
		2B5AC96E2C18C02F0053C2FB /* ReviewCell.swift in Sources */ = {isa = PBXBuildFile; fileRef = 2B5AC9692C18C02F0053C2FB /* ReviewCell.swift */; };
		2B5AC96F2C18C02F0053C2FB /* FilmCell.swift in Sources */ = {isa = PBXBuildFile; fileRef = 2B5AC96A2C18C02F0053C2FB /* FilmCell.swift */; };
		2B5AC9702C18C02F0053C2FB /* TabbarViewController.swift in Sources */ = {isa = PBXBuildFile; fileRef = 2B5AC96B2C18C02F0053C2FB /* TabbarViewController.swift */; };
		2B5AC9712C18C02F0053C2FB /* UserInfo.swift in Sources */ = {isa = PBXBuildFile; fileRef = 2B5AC96C2C18C02F0053C2FB /* UserInfo.swift */; };
		2B5AC9722C18C02F0053C2FB /* FilmFavCell.swift in Sources */ = {isa = PBXBuildFile; fileRef = 2B5AC96D2C18C02F0053C2FB /* FilmFavCell.swift */; };
		2B5AC9762C18C1E20053C2FB /* ListMovieViewController.swift in Sources */ = {isa = PBXBuildFile; fileRef = 2B5AC9752C18C1E20053C2FB /* ListMovieViewController.swift */; };
		2B5AC9782C18C1EC0053C2FB /* DetailViewController.swift in Sources */ = {isa = PBXBuildFile; fileRef = 2B5AC9772C18C1EC0053C2FB /* DetailViewController.swift */; };
		2B5AC97A2C18C1F10053C2FB /* RateViewController.swift in Sources */ = {isa = PBXBuildFile; fileRef = 2B5AC9792C18C1F10053C2FB /* RateViewController.swift */; };
		2B5AC97C2C18C1FA0053C2FB /* ListCommentViewController.swift in Sources */ = {isa = PBXBuildFile; fileRef = 2B5AC97B2C18C1FA0053C2FB /* ListCommentViewController.swift */; };
		2B5AC97E2C18C1FF0053C2FB /* RateChartViewController.swift in Sources */ = {isa = PBXBuildFile; fileRef = 2B5AC97D2C18C1FF0053C2FB /* RateChartViewController.swift */; };
		2B5AC9802C18C2030053C2FB /* CastGenresViewController.swift in Sources */ = {isa = PBXBuildFile; fileRef = 2B5AC97F2C18C2030053C2FB /* CastGenresViewController.swift */; };
		2B5AC9822C18C2160053C2FB /* SearchViewController.swift in Sources */ = {isa = PBXBuildFile; fileRef = 2B5AC9812C18C2160053C2FB /* SearchViewController.swift */; };
		2B5AC9842C18C21F0053C2FB /* FavouriteListViewController.swift in Sources */ = {isa = PBXBuildFile; fileRef = 2B5AC9832C18C21F0053C2FB /* FavouriteListViewController.swift */; };
		2B5AC9862C18C2240053C2FB /* TestViewController.swift 23-40-51-307.swift in Sources */ = {isa = PBXBuildFile; fileRef = 2B5AC9852C18C2240053C2FB /* TestViewController.swift 23-40-51-307.swift */; };
		2B5AC9882C18C24F0053C2FB /* GoogleService-Info.plist in Resources */ = {isa = PBXBuildFile; fileRef = 2B5AC9872C18C24F0053C2FB /* GoogleService-Info.plist */; };
		2BA205472BCAA44C004DE6F3 /* ImageURl.swift in Sources */ = {isa = PBXBuildFile; fileRef = 2BA2053F2BCAA44C004DE6F3 /* ImageURl.swift */; };
		2BE2B13B2C1AB0020034010E /* EditProfileViewViewController.swift in Sources */ = {isa = PBXBuildFile; fileRef = 2BE2B13A2C1AB0020034010E /* EditProfileViewViewController.swift */; };
/* End PBXBuildFile section */

/* Begin PBXFileReference section */
		2B23DDA92C18A562003B4BD7 /* Charts.framework */ = {isa = PBXFileReference; lastKnownFileType = wrapper.framework; name = Charts.framework; path = System/Library/Frameworks/Charts.framework; sourceTree = SDKROOT; };
		2B5AC8F22C18B6380053C2FB /* SessionManager.swift */ = {isa = PBXFileReference; fileEncoding = 4; lastKnownFileType = sourcecode.swift; path = SessionManager.swift; sourceTree = "<group>"; };
		2B5AC93D2C18BBC40053C2FB /* AlertFont.swift */ = {isa = PBXFileReference; fileEncoding = 4; lastKnownFileType = sourcecode.swift; path = AlertFont.swift; sourceTree = "<group>"; };
		2B5AC93F2C18BBDA0053C2FB /* AccountInfo.swift */ = {isa = PBXFileReference; fileEncoding = 4; lastKnownFileType = sourcecode.swift; path = AccountInfo.swift; sourceTree = "<group>"; };
		2B5AC9402C18BBDA0053C2FB /* Film.swift */ = {isa = PBXFileReference; fileEncoding = 4; lastKnownFileType = sourcecode.swift; path = Film.swift; sourceTree = "<group>"; };
		2B5AC9412C18BBDA0053C2FB /* Review.swift */ = {isa = PBXFileReference; fileEncoding = 4; lastKnownFileType = sourcecode.swift; path = Review.swift; sourceTree = "<group>"; };
		2B5AC9452C18BBF50053C2FB /* SceneDelegate.swift */ = {isa = PBXFileReference; fileEncoding = 4; lastKnownFileType = sourcecode.swift; path = SceneDelegate.swift; sourceTree = "<group>"; };
		2B5AC9472C18BC030053C2FB /* AppDelegate.swift */ = {isa = PBXFileReference; fileEncoding = 4; lastKnownFileType = sourcecode.swift; path = AppDelegate.swift; sourceTree = "<group>"; };
		2B5AC9492C18BC260053C2FB /* FirebaseFunc.swift */ = {isa = PBXFileReference; fileEncoding = 4; lastKnownFileType = sourcecode.swift; path = FirebaseFunc.swift; sourceTree = "<group>"; };
		2B5AC94D2C18BC950053C2FB /* Assets.xcassets */ = {isa = PBXFileReference; lastKnownFileType = folder.assetcatalog; path = Assets.xcassets; sourceTree = "<group>"; };
		2B5AC94F2C18BD3C0053C2FB /* FavouriteViewModel.swift */ = {isa = PBXFileReference; fileEncoding = 4; lastKnownFileType = sourcecode.swift; path = FavouriteViewModel.swift; sourceTree = "<group>"; };
		2B5AC9502C18BD3C0053C2FB /* RateViewViewModels.swift */ = {isa = PBXFileReference; fileEncoding = 4; lastKnownFileType = sourcecode.swift; path = RateViewViewModels.swift; sourceTree = "<group>"; };
		2B5AC9512C18BD3C0053C2FB /* FilmViewModels.swift */ = {isa = PBXFileReference; fileEncoding = 4; lastKnownFileType = sourcecode.swift; path = FilmViewModels.swift; sourceTree = "<group>"; };
		2B5AC9522C18BD3C0053C2FB /* DetailViewModel.swift */ = {isa = PBXFileReference; fileEncoding = 4; lastKnownFileType = sourcecode.swift; path = DetailViewModel.swift; sourceTree = "<group>"; };
		2B5AC9572C18BE4B0053C2FB /* RegisterAccountViewModel.swift */ = {isa = PBXFileReference; fileEncoding = 4; lastKnownFileType = sourcecode.swift; path = RegisterAccountViewModel.swift; sourceTree = "<group>"; };
		2B5AC9582C18BE4B0053C2FB /* AccountInfoViewModel.swift */ = {isa = PBXFileReference; fileEncoding = 4; lastKnownFileType = sourcecode.swift; path = AccountInfoViewModel.swift; sourceTree = "<group>"; };
		2B5AC9592C18BE4B0053C2FB /* LoginViewModel.swift */ = {isa = PBXFileReference; fileEncoding = 4; lastKnownFileType = sourcecode.swift; path = LoginViewModel.swift; sourceTree = "<group>"; };
		2B5AC95D2C18BE670053C2FB /* WelcomeScreenViewController.swift */ = {isa = PBXFileReference; fileEncoding = 4; lastKnownFileType = sourcecode.swift; path = WelcomeScreenViewController.swift; sourceTree = "<group>"; };
		2B5AC95F2C18BED50053C2FB /* LoginViewController.swift */ = {isa = PBXFileReference; fileEncoding = 4; lastKnownFileType = sourcecode.swift; path = LoginViewController.swift; sourceTree = "<group>"; };
		2B5AC9612C18BEFD0053C2FB /* RegisterAccountViewController.swift */ = {isa = PBXFileReference; fileEncoding = 4; lastKnownFileType = sourcecode.swift; path = RegisterAccountViewController.swift; sourceTree = "<group>"; };
		2B5AC9632C18BF0D0053C2FB /* AccountCreatedViewController.swift */ = {isa = PBXFileReference; fileEncoding = 4; lastKnownFileType = sourcecode.swift; path = AccountCreatedViewController.swift; sourceTree = "<group>"; };
		2B5AC9652C18BF1D0053C2FB /* AccountInfoViewController.swift */ = {isa = PBXFileReference; fileEncoding = 4; lastKnownFileType = sourcecode.swift; path = AccountInfoViewController.swift; sourceTree = "<group>"; };
		2B5AC9672C18BF3C0053C2FB /* AddUserInfoViewController.swift */ = {isa = PBXFileReference; fileEncoding = 4; lastKnownFileType = sourcecode.swift; path = AddUserInfoViewController.swift; sourceTree = "<group>"; };
		2B5AC9692C18C02F0053C2FB /* ReviewCell.swift */ = {isa = PBXFileReference; fileEncoding = 4; lastKnownFileType = sourcecode.swift; path = ReviewCell.swift; sourceTree = "<group>"; };
		2B5AC96A2C18C02F0053C2FB /* FilmCell.swift */ = {isa = PBXFileReference; fileEncoding = 4; lastKnownFileType = sourcecode.swift; path = FilmCell.swift; sourceTree = "<group>"; };
		2B5AC96B2C18C02F0053C2FB /* TabbarViewController.swift */ = {isa = PBXFileReference; fileEncoding = 4; lastKnownFileType = sourcecode.swift; path = TabbarViewController.swift; sourceTree = "<group>"; };
		2B5AC96C2C18C02F0053C2FB /* UserInfo.swift */ = {isa = PBXFileReference; fileEncoding = 4; lastKnownFileType = sourcecode.swift; path = UserInfo.swift; sourceTree = "<group>"; };
		2B5AC96D2C18C02F0053C2FB /* FilmFavCell.swift */ = {isa = PBXFileReference; fileEncoding = 4; lastKnownFileType = sourcecode.swift; path = FilmFavCell.swift; sourceTree = "<group>"; };
		2B5AC9752C18C1E20053C2FB /* ListMovieViewController.swift */ = {isa = PBXFileReference; fileEncoding = 4; lastKnownFileType = sourcecode.swift; path = ListMovieViewController.swift; sourceTree = "<group>"; };
		2B5AC9772C18C1EC0053C2FB /* DetailViewController.swift */ = {isa = PBXFileReference; fileEncoding = 4; lastKnownFileType = sourcecode.swift; path = DetailViewController.swift; sourceTree = "<group>"; };
		2B5AC9792C18C1F10053C2FB /* RateViewController.swift */ = {isa = PBXFileReference; fileEncoding = 4; lastKnownFileType = sourcecode.swift; path = RateViewController.swift; sourceTree = "<group>"; };
		2B5AC97B2C18C1FA0053C2FB /* ListCommentViewController.swift */ = {isa = PBXFileReference; fileEncoding = 4; lastKnownFileType = sourcecode.swift; path = ListCommentViewController.swift; sourceTree = "<group>"; };
		2B5AC97D2C18C1FF0053C2FB /* RateChartViewController.swift */ = {isa = PBXFileReference; fileEncoding = 4; lastKnownFileType = sourcecode.swift; path = RateChartViewController.swift; sourceTree = "<group>"; };
		2B5AC97F2C18C2030053C2FB /* CastGenresViewController.swift */ = {isa = PBXFileReference; fileEncoding = 4; lastKnownFileType = sourcecode.swift; path = CastGenresViewController.swift; sourceTree = "<group>"; };
		2B5AC9812C18C2160053C2FB /* SearchViewController.swift */ = {isa = PBXFileReference; fileEncoding = 4; lastKnownFileType = sourcecode.swift; path = SearchViewController.swift; sourceTree = "<group>"; };
		2B5AC9832C18C21F0053C2FB /* FavouriteListViewController.swift */ = {isa = PBXFileReference; fileEncoding = 4; lastKnownFileType = sourcecode.swift; path = FavouriteListViewController.swift; sourceTree = "<group>"; };
		2B5AC9852C18C2240053C2FB /* TestViewController.swift 23-40-51-307.swift */ = {isa = PBXFileReference; fileEncoding = 4; lastKnownFileType = sourcecode.swift; path = "TestViewController.swift 23-40-51-307.swift"; sourceTree = "<group>"; };
		2B5AC9872C18C24F0053C2FB /* GoogleService-Info.plist */ = {isa = PBXFileReference; fileEncoding = 4; lastKnownFileType = text.plist.xml; path = "GoogleService-Info.plist"; sourceTree = "<group>"; };
		2BA205042BCAA25D004DE6F3 /* FilmValley2.app */ = {isa = PBXFileReference; explicitFileType = wrapper.application; includeInIndex = 0; path = FilmValley2.app; sourceTree = BUILT_PRODUCTS_DIR; };
		2BA205152BCAA25E004DE6F3 /* Info.plist */ = {isa = PBXFileReference; lastKnownFileType = text.plist.xml; path = Info.plist; sourceTree = "<group>"; };
		2BA2053F2BCAA44C004DE6F3 /* ImageURl.swift */ = {isa = PBXFileReference; fileEncoding = 4; lastKnownFileType = sourcecode.swift; path = ImageURl.swift; sourceTree = "<group>"; };
		2BE2B13A2C1AB0020034010E /* EditProfileViewViewController.swift */ = {isa = PBXFileReference; lastKnownFileType = sourcecode.swift; path = EditProfileViewViewController.swift; sourceTree = "<group>"; };
/* End PBXFileReference section */

/* Begin PBXFrameworksBuildPhase section */
		2BA205012BCAA25D004DE6F3 /* Frameworks */ = {
			isa = PBXFrameworksBuildPhase;
			buildActionMask = 2147483647;
			files = (
				2B23DDAF2C18A5ED003B4BD7 /* DGCharts in Frameworks */,
				2B2699452BE7C8E600D11508 /* FirebaseDatabase in Frameworks */,
				2B2699532BE7C8E600D11508 /* FirebaseFunctionsCombine-Community in Frameworks */,
				2B26994B2BE7C8E600D11508 /* FirebaseFirestore in Frameworks */,
				2B26994F2BE7C8E600D11508 /* FirebaseFirestoreSwift in Frameworks */,
				2B26993F2BE7C8E600D11508 /* FirebaseAuth in Frameworks */,
				2B2699472BE7C8E600D11508 /* FirebaseDatabaseSwift in Frameworks */,
				2B2699512BE7C8E600D11508 /* FirebaseFunctions in Frameworks */,
				2B2699672BE7C8E600D11508 /* FirebaseStorageCombine-Community in Frameworks */,
				2B2699412BE7C8E600D11508 /* FirebaseAuthCombine-Community in Frameworks */,
				2B2699652BE7C8E600D11508 /* FirebaseStorage in Frameworks */,
				2B26994D2BE7C8E600D11508 /* FirebaseFirestoreCombine-Community in Frameworks */,
			);
			runOnlyForDeploymentPostprocessing = 0;
		};
/* End PBXFrameworksBuildPhase section */

/* Begin PBXGroup section */
		2B8402212BDB45AA00E2E55E /* Other */ = {
			isa = PBXGroup;
			children = (
				2B5AC95D2C18BE670053C2FB /* WelcomeScreenViewController.swift */,
			);
			path = Other;
			sourceTree = "<group>";
		};
		2BA204FB2BCAA25D004DE6F3 = {
			isa = PBXGroup;
			children = (
				2BA205062BCAA25D004DE6F3 /* FilmValley2 */,
				2BA205052BCAA25D004DE6F3 /* Products */,
				2BECD4642C187B07006C8C14 /* Frameworks */,
			);
			sourceTree = "<group>";
		};
		2BA205052BCAA25D004DE6F3 /* Products */ = {
			isa = PBXGroup;
			children = (
				2BA205042BCAA25D004DE6F3 /* FilmValley2.app */,
			);
			name = Products;
			sourceTree = "<group>";
		};
		2BA205062BCAA25D004DE6F3 /* FilmValley2 */ = {
			isa = PBXGroup;
			children = (
				2BA2053E2BCAA44C004DE6F3 /* Extensions */,
				2BA205402BCAA44C004DE6F3 /* Models */,
				2BA205382BCAA44C004DE6F3 /* Resource */,
				2BA205362BCAA44C004DE6F3 /* ViewModels */,
				2BA2053C2BCAA44C004DE6F3 /* Views */,
				2BA205152BCAA25E004DE6F3 /* Info.plist */,
				2B5AC9872C18C24F0053C2FB /* GoogleService-Info.plist */,
			);
			path = FilmValley2;
			sourceTree = "<group>";
		};
		2BA205362BCAA44C004DE6F3 /* ViewModels */ = {
			isa = PBXGroup;
			children = (
				2BBABBE62C0C494200CA6E0E /* Film */,
				2BBABBE52C0C492600CA6E0E /* Auth */,
			);
			path = ViewModels;
			sourceTree = "<group>";
		};
		2BA205382BCAA44C004DE6F3 /* Resource */ = {
			isa = PBXGroup;
			children = (
				2B5AC9472C18BC030053C2FB /* AppDelegate.swift */,
				2B5AC9452C18BBF50053C2FB /* SceneDelegate.swift */,
				2B5AC94D2C18BC950053C2FB /* Assets.xcassets */,
			);
			path = Resource;
			sourceTree = "<group>";
		};
		2BA2053C2BCAA44C004DE6F3 /* Views */ = {
			isa = PBXGroup;
			children = (
				2B8402212BDB45AA00E2E55E /* Other */,
				2BBE218D2BD7D96000335C0B /* Auth */,
				2BA2053D2BCAA44C004DE6F3 /* Core */,
			);
			path = Views;
			sourceTree = "<group>";
		};
		2BA2053D2BCAA44C004DE6F3 /* Core */ = {
			isa = PBXGroup;
			children = (
				2BBABBE82C0C49AB00CA6E0E /* Other */,
				2BBABBE72C0C498100CA6E0E /* Film */,
				2BD0230F2BF22404001778D5 /* Search */,
				2BD023112BF22435001778D5 /* FavouriteList */,
				2B5AC9852C18C2240053C2FB /* TestViewController.swift 23-40-51-307.swift */,
			);
			path = Core;
			sourceTree = "<group>";
		};
		2BA2053E2BCAA44C004DE6F3 /* Extensions */ = {
			isa = PBXGroup;
			children = (
				2B5AC9492C18BC260053C2FB /* FirebaseFunc.swift */,
				2BA2053F2BCAA44C004DE6F3 /* ImageURl.swift */,
				2B5AC8F22C18B6380053C2FB /* SessionManager.swift */,
				2B5AC93D2C18BBC40053C2FB /* AlertFont.swift */,
			);
			path = Extensions;
			sourceTree = "<group>";
		};
		2BA205402BCAA44C004DE6F3 /* Models */ = {
			isa = PBXGroup;
			children = (
				2B5AC93F2C18BBDA0053C2FB /* AccountInfo.swift */,
				2B5AC9402C18BBDA0053C2FB /* Film.swift */,
				2B5AC9412C18BBDA0053C2FB /* Review.swift */,
			);
			path = Models;
			sourceTree = "<group>";
		};
		2BBABBE52C0C492600CA6E0E /* Auth */ = {
			isa = PBXGroup;
			children = (
				2B5AC9582C18BE4B0053C2FB /* AccountInfoViewModel.swift */,
				2B5AC9592C18BE4B0053C2FB /* LoginViewModel.swift */,
				2B5AC9572C18BE4B0053C2FB /* RegisterAccountViewModel.swift */,
			);
			path = Auth;
			sourceTree = "<group>";
		};
		2BBABBE62C0C494200CA6E0E /* Film */ = {
			isa = PBXGroup;
			children = (
				2B5AC9522C18BD3C0053C2FB /* DetailViewModel.swift */,
				2B5AC94F2C18BD3C0053C2FB /* FavouriteViewModel.swift */,
				2B5AC9512C18BD3C0053C2FB /* FilmViewModels.swift */,
				2B5AC9502C18BD3C0053C2FB /* RateViewViewModels.swift */,
			);
			path = Film;
			sourceTree = "<group>";
		};
		2BBABBE72C0C498100CA6E0E /* Film */ = {
			isa = PBXGroup;
			children = (
				2B5AC9752C18C1E20053C2FB /* ListMovieViewController.swift */,
				2BFD6C642C101E7C00CDC479 /* DetailFilm */,
			);
			path = Film;
			sourceTree = "<group>";
		};
		2BBABBE82C0C49AB00CA6E0E /* Other */ = {
			isa = PBXGroup;
			children = (
				2B5AC96A2C18C02F0053C2FB /* FilmCell.swift */,
				2B5AC96D2C18C02F0053C2FB /* FilmFavCell.swift */,
				2B5AC9692C18C02F0053C2FB /* ReviewCell.swift */,
				2B5AC96B2C18C02F0053C2FB /* TabbarViewController.swift */,
				2B5AC96C2C18C02F0053C2FB /* UserInfo.swift */,
			);
			path = Other;
			sourceTree = "<group>";
		};
		2BBE218D2BD7D96000335C0B /* Auth */ = {
			isa = PBXGroup;
			children = (
				2B5AC9612C18BEFD0053C2FB /* RegisterAccountViewController.swift */,
				2B5AC95F2C18BED50053C2FB /* LoginViewController.swift */,
				2B5AC9632C18BF0D0053C2FB /* AccountCreatedViewController.swift */,
				2B5AC9652C18BF1D0053C2FB /* AccountInfoViewController.swift */,
				2B5AC9672C18BF3C0053C2FB /* AddUserInfoViewController.swift */,
				2BE2B13A2C1AB0020034010E /* EditProfileViewViewController.swift */,
			);
			path = Auth;
			sourceTree = "<group>";
		};
		2BD0230F2BF22404001778D5 /* Search */ = {
			isa = PBXGroup;
			children = (
				2B5AC9812C18C2160053C2FB /* SearchViewController.swift */,
			);
			path = Search;
			sourceTree = "<group>";
		};
		2BD023112BF22435001778D5 /* FavouriteList */ = {
			isa = PBXGroup;
			children = (
				2B5AC9832C18C21F0053C2FB /* FavouriteListViewController.swift */,
			);
			path = FavouriteList;
			sourceTree = "<group>";
		};
		2BECD4642C187B07006C8C14 /* Frameworks */ = {
			isa = PBXGroup;
			children = (
				2B23DDA92C18A562003B4BD7 /* Charts.framework */,
			);
			name = Frameworks;
			sourceTree = "<group>";
		};
		2BFD6C642C101E7C00CDC479 /* DetailFilm */ = {
			isa = PBXGroup;
			children = (
				2B5AC9772C18C1EC0053C2FB /* DetailViewController.swift */,
				2B5AC9792C18C1F10053C2FB /* RateViewController.swift */,
				2B5AC97B2C18C1FA0053C2FB /* ListCommentViewController.swift */,
				2B5AC97F2C18C2030053C2FB /* CastGenresViewController.swift */,
				2B5AC97D2C18C1FF0053C2FB /* RateChartViewController.swift */,
			);
			path = DetailFilm;
			sourceTree = "<group>";
		};
/* End PBXGroup section */

/* Begin PBXNativeTarget section */
		2BA205032BCAA25D004DE6F3 /* FilmValley2 */ = {
			isa = PBXNativeTarget;
			buildConfigurationList = 2BA205182BCAA25E004DE6F3 /* Build configuration list for PBXNativeTarget "FilmValley2" */;
			buildPhases = (
				2BA205002BCAA25D004DE6F3 /* Sources */,
				2BA205012BCAA25D004DE6F3 /* Frameworks */,
				2BA205022BCAA25D004DE6F3 /* Resources */,
			);
			buildRules = (
			);
			dependencies = (
			);
			name = FilmValley2;
			packageProductDependencies = (
				2B26993E2BE7C8E600D11508 /* FirebaseAuth */,
				2B2699402BE7C8E600D11508 /* FirebaseAuthCombine-Community */,
				2B2699442BE7C8E600D11508 /* FirebaseDatabase */,
				2B2699462BE7C8E600D11508 /* FirebaseDatabaseSwift */,
				2B26994A2BE7C8E600D11508 /* FirebaseFirestore */,
				2B26994C2BE7C8E600D11508 /* FirebaseFirestoreCombine-Community */,
				2B26994E2BE7C8E600D11508 /* FirebaseFirestoreSwift */,
				2B2699502BE7C8E600D11508 /* FirebaseFunctions */,
				2B2699522BE7C8E600D11508 /* FirebaseFunctionsCombine-Community */,
				2B2699642BE7C8E600D11508 /* FirebaseStorage */,
				2B2699662BE7C8E600D11508 /* FirebaseStorageCombine-Community */,
				2B23DDAE2C18A5ED003B4BD7 /* DGCharts */,
			);
			productName = FilmValley2;
			productReference = 2BA205042BCAA25D004DE6F3 /* FilmValley2.app */;
			productType = "com.apple.product-type.application";
		};
/* End PBXNativeTarget section */

/* Begin PBXProject section */
		2BA204FC2BCAA25D004DE6F3 /* Project object */ = {
			isa = PBXProject;
			attributes = {
				BuildIndependentTargetsInParallel = 1;
				LastSwiftUpdateCheck = 1500;
				LastUpgradeCheck = 1500;
				TargetAttributes = {
					2BA205032BCAA25D004DE6F3 = {
						CreatedOnToolsVersion = 15.0;
					};
				};
			};
			buildConfigurationList = 2BA204FF2BCAA25D004DE6F3 /* Build configuration list for PBXProject "FilmValley2" */;
			compatibilityVersion = "Xcode 14.0";
			developmentRegion = en;
			hasScannedForEncodings = 0;
			knownRegions = (
				en,
				Base,
			);
			mainGroup = 2BA204FB2BCAA25D004DE6F3;
			packageReferences = (
				2B22A6702BD523C900B59718 /* XCRemoteSwiftPackageReference "firebase-ios-sdk" */,
				2B23DDAD2C18A5ED003B4BD7 /* XCRemoteSwiftPackageReference "Charts" */,
			);
			productRefGroup = 2BA205052BCAA25D004DE6F3 /* Products */;
			projectDirPath = "";
			projectRoot = "";
			targets = (
				2BA205032BCAA25D004DE6F3 /* FilmValley2 */,
			);
		};
/* End PBXProject section */

/* Begin PBXResourcesBuildPhase section */
		2BA205022BCAA25D004DE6F3 /* Resources */ = {
			isa = PBXResourcesBuildPhase;
			buildActionMask = 2147483647;
			files = (
				2B5AC94E2C18BC950053C2FB /* Assets.xcassets in Resources */,
				2B5AC9882C18C24F0053C2FB /* GoogleService-Info.plist in Resources */,
			);
			runOnlyForDeploymentPostprocessing = 0;
		};
/* End PBXResourcesBuildPhase section */

/* Begin PBXSourcesBuildPhase section */
		2BA205002BCAA25D004DE6F3 /* Sources */ = {
			isa = PBXSourcesBuildPhase;
			buildActionMask = 2147483647;
			files = (
				2B5AC93E2C18BBC40053C2FB /* AlertFont.swift in Sources */,
				2B5AC9542C18BD3D0053C2FB /* RateViewViewModels.swift in Sources */,
				2B5AC95C2C18BE4B0053C2FB /* LoginViewModel.swift in Sources */,
				2B5AC9442C18BBDA0053C2FB /* Review.swift in Sources */,
				2B5AC9422C18BBDA0053C2FB /* AccountInfo.swift in Sources */,
				2B5AC9682C18BF3C0053C2FB /* AddUserInfoViewController.swift in Sources */,
				2B5AC9642C18BF0D0053C2FB /* AccountCreatedViewController.swift in Sources */,
				2B5AC9482C18BC030053C2FB /* AppDelegate.swift in Sources */,
				2B5AC97C2C18C1FA0053C2FB /* ListCommentViewController.swift in Sources */,
				2B5AC9802C18C2030053C2FB /* CastGenresViewController.swift in Sources */,
				2B5AC95E2C18BE670053C2FB /* WelcomeScreenViewController.swift in Sources */,
				2B5AC95A2C18BE4B0053C2FB /* RegisterAccountViewModel.swift in Sources */,
				2B5AC9662C18BF1D0053C2FB /* AccountInfoViewController.swift in Sources */,
				2B5AC9432C18BBDA0053C2FB /* Film.swift in Sources */,
				2B5AC9622C18BEFD0053C2FB /* RegisterAccountViewController.swift in Sources */,
				2B5AC95B2C18BE4B0053C2FB /* AccountInfoViewModel.swift in Sources */,
				2B5AC9782C18C1EC0053C2FB /* DetailViewController.swift in Sources */,
				2B5AC97E2C18C1FF0053C2FB /* RateChartViewController.swift in Sources */,
				2B5AC9562C18BD3D0053C2FB /* DetailViewModel.swift in Sources */,
				2B5AC9602C18BED50053C2FB /* LoginViewController.swift in Sources */,
				2B5AC96F2C18C02F0053C2FB /* FilmCell.swift in Sources */,
				2B5AC9462C18BBF50053C2FB /* SceneDelegate.swift in Sources */,
				2B5AC9702C18C02F0053C2FB /* TabbarViewController.swift in Sources */,
				2B5AC9822C18C2160053C2FB /* SearchViewController.swift in Sources */,
				2B5AC9532C18BD3D0053C2FB /* FavouriteViewModel.swift in Sources */,
				2B5AC94A2C18BC260053C2FB /* FirebaseFunc.swift in Sources */,
				2BE2B13B2C1AB0020034010E /* EditProfileViewViewController.swift in Sources */,
				2B5AC8F52C18B6380053C2FB /* SessionManager.swift in Sources */,
				2BA205472BCAA44C004DE6F3 /* ImageURl.swift in Sources */,
				2B5AC9762C18C1E20053C2FB /* ListMovieViewController.swift in Sources */,
				2B5AC96E2C18C02F0053C2FB /* ReviewCell.swift in Sources */,
				2B5AC97A2C18C1F10053C2FB /* RateViewController.swift in Sources */,
				2B5AC9842C18C21F0053C2FB /* FavouriteListViewController.swift in Sources */,
				2B5AC9722C18C02F0053C2FB /* FilmFavCell.swift in Sources */,
				2B5AC9862C18C2240053C2FB /* TestViewController.swift 23-40-51-307.swift in Sources */,
				2B5AC9712C18C02F0053C2FB /* UserInfo.swift in Sources */,
				2B5AC9552C18BD3D0053C2FB /* FilmViewModels.swift in Sources */,
			);
			runOnlyForDeploymentPostprocessing = 0;
		};
/* End PBXSourcesBuildPhase section */

/* Begin XCBuildConfiguration section */
		2BA205162BCAA25E004DE6F3 /* Debug */ = {
			isa = XCBuildConfiguration;
			buildSettings = {
				ALWAYS_SEARCH_USER_PATHS = NO;
				ASSETCATALOG_COMPILER_GENERATE_SWIFT_ASSET_SYMBOL_EXTENSIONS = YES;
				CLANG_ANALYZER_NONNULL = YES;
				CLANG_ANALYZER_NUMBER_OBJECT_CONVERSION = YES_AGGRESSIVE;
				CLANG_CXX_LANGUAGE_STANDARD = "gnu++20";
				CLANG_ENABLE_MODULES = YES;
				CLANG_ENABLE_OBJC_ARC = YES;
				CLANG_ENABLE_OBJC_WEAK = YES;
				CLANG_WARN_BLOCK_CAPTURE_AUTORELEASING = YES;
				CLANG_WARN_BOOL_CONVERSION = YES;
				CLANG_WARN_COMMA = YES;
				CLANG_WARN_CONSTANT_CONVERSION = YES;
				CLANG_WARN_DEPRECATED_OBJC_IMPLEMENTATIONS = YES;
				CLANG_WARN_DIRECT_OBJC_ISA_USAGE = YES_ERROR;
				CLANG_WARN_DOCUMENTATION_COMMENTS = YES;
				CLANG_WARN_EMPTY_BODY = YES;
				CLANG_WARN_ENUM_CONVERSION = YES;
				CLANG_WARN_INFINITE_RECURSION = YES;
				CLANG_WARN_INT_CONVERSION = YES;
				CLANG_WARN_NON_LITERAL_NULL_CONVERSION = YES;
				CLANG_WARN_OBJC_IMPLICIT_RETAIN_SELF = YES;
				CLANG_WARN_OBJC_LITERAL_CONVERSION = YES;
				CLANG_WARN_OBJC_ROOT_CLASS = YES_ERROR;
				CLANG_WARN_QUOTED_INCLUDE_IN_FRAMEWORK_HEADER = YES;
				CLANG_WARN_RANGE_LOOP_ANALYSIS = YES;
				CLANG_WARN_STRICT_PROTOTYPES = YES;
				CLANG_WARN_SUSPICIOUS_MOVE = YES;
				CLANG_WARN_UNGUARDED_AVAILABILITY = YES_AGGRESSIVE;
				CLANG_WARN_UNREACHABLE_CODE = YES;
				CLANG_WARN__DUPLICATE_METHOD_MATCH = YES;
				COPY_PHASE_STRIP = NO;
				DEBUG_INFORMATION_FORMAT = dwarf;
				ENABLE_STRICT_OBJC_MSGSEND = YES;
				ENABLE_TESTABILITY = YES;
				ENABLE_USER_SCRIPT_SANDBOXING = YES;
				GCC_C_LANGUAGE_STANDARD = gnu17;
				GCC_DYNAMIC_NO_PIC = NO;
				GCC_NO_COMMON_BLOCKS = YES;
				GCC_OPTIMIZATION_LEVEL = 0;
				GCC_PREPROCESSOR_DEFINITIONS = (
					"DEBUG=1",
					"$(inherited)",
				);
				GCC_WARN_64_TO_32_BIT_CONVERSION = YES;
				GCC_WARN_ABOUT_RETURN_TYPE = YES_ERROR;
				GCC_WARN_UNDECLARED_SELECTOR = YES;
				GCC_WARN_UNINITIALIZED_AUTOS = YES_AGGRESSIVE;
				GCC_WARN_UNUSED_FUNCTION = YES;
				GCC_WARN_UNUSED_VARIABLE = YES;
				IPHONEOS_DEPLOYMENT_TARGET = 17.0;
				LOCALIZATION_PREFERS_STRING_CATALOGS = YES;
				MTL_ENABLE_DEBUG_INFO = INCLUDE_SOURCE;
				MTL_FAST_MATH = YES;
				ONLY_ACTIVE_ARCH = YES;
				SDKROOT = iphoneos;
				SWIFT_ACTIVE_COMPILATION_CONDITIONS = "DEBUG $(inherited)";
				SWIFT_OPTIMIZATION_LEVEL = "-Onone";
			};
			name = Debug;
		};
		2BA205172BCAA25E004DE6F3 /* Release */ = {
			isa = XCBuildConfiguration;
			buildSettings = {
				ALWAYS_SEARCH_USER_PATHS = NO;
				ASSETCATALOG_COMPILER_GENERATE_SWIFT_ASSET_SYMBOL_EXTENSIONS = YES;
				CLANG_ANALYZER_NONNULL = YES;
				CLANG_ANALYZER_NUMBER_OBJECT_CONVERSION = YES_AGGRESSIVE;
				CLANG_CXX_LANGUAGE_STANDARD = "gnu++20";
				CLANG_ENABLE_MODULES = YES;
				CLANG_ENABLE_OBJC_ARC = YES;
				CLANG_ENABLE_OBJC_WEAK = YES;
				CLANG_WARN_BLOCK_CAPTURE_AUTORELEASING = YES;
				CLANG_WARN_BOOL_CONVERSION = YES;
				CLANG_WARN_COMMA = YES;
				CLANG_WARN_CONSTANT_CONVERSION = YES;
				CLANG_WARN_DEPRECATED_OBJC_IMPLEMENTATIONS = YES;
				CLANG_WARN_DIRECT_OBJC_ISA_USAGE = YES_ERROR;
				CLANG_WARN_DOCUMENTATION_COMMENTS = YES;
				CLANG_WARN_EMPTY_BODY = YES;
				CLANG_WARN_ENUM_CONVERSION = YES;
				CLANG_WARN_INFINITE_RECURSION = YES;
				CLANG_WARN_INT_CONVERSION = YES;
				CLANG_WARN_NON_LITERAL_NULL_CONVERSION = YES;
				CLANG_WARN_OBJC_IMPLICIT_RETAIN_SELF = YES;
				CLANG_WARN_OBJC_LITERAL_CONVERSION = YES;
				CLANG_WARN_OBJC_ROOT_CLASS = YES_ERROR;
				CLANG_WARN_QUOTED_INCLUDE_IN_FRAMEWORK_HEADER = YES;
				CLANG_WARN_RANGE_LOOP_ANALYSIS = YES;
				CLANG_WARN_STRICT_PROTOTYPES = YES;
				CLANG_WARN_SUSPICIOUS_MOVE = YES;
				CLANG_WARN_UNGUARDED_AVAILABILITY = YES_AGGRESSIVE;
				CLANG_WARN_UNREACHABLE_CODE = YES;
				CLANG_WARN__DUPLICATE_METHOD_MATCH = YES;
				COPY_PHASE_STRIP = NO;
				DEBUG_INFORMATION_FORMAT = "dwarf-with-dsym";
				ENABLE_NS_ASSERTIONS = NO;
				ENABLE_STRICT_OBJC_MSGSEND = YES;
				ENABLE_USER_SCRIPT_SANDBOXING = YES;
				GCC_C_LANGUAGE_STANDARD = gnu17;
				GCC_NO_COMMON_BLOCKS = YES;
				GCC_WARN_64_TO_32_BIT_CONVERSION = YES;
				GCC_WARN_ABOUT_RETURN_TYPE = YES_ERROR;
				GCC_WARN_UNDECLARED_SELECTOR = YES;
				GCC_WARN_UNINITIALIZED_AUTOS = YES_AGGRESSIVE;
				GCC_WARN_UNUSED_FUNCTION = YES;
				GCC_WARN_UNUSED_VARIABLE = YES;
				IPHONEOS_DEPLOYMENT_TARGET = 17.0;
				LOCALIZATION_PREFERS_STRING_CATALOGS = YES;
				MTL_ENABLE_DEBUG_INFO = NO;
				MTL_FAST_MATH = YES;
				SDKROOT = iphoneos;
				SWIFT_COMPILATION_MODE = wholemodule;
				VALIDATE_PRODUCT = YES;
			};
			name = Release;
		};
		2BA205192BCAA25E004DE6F3 /* Debug */ = {
			isa = XCBuildConfiguration;
			buildSettings = {
				ASSETCATALOG_COMPILER_APPICON_NAME = AppIcon;
				ASSETCATALOG_COMPILER_GLOBAL_ACCENT_COLOR_NAME = AccentColor;
				CODE_SIGN_STYLE = Automatic;
				CURRENT_PROJECT_VERSION = 1;
				DEVELOPMENT_TEAM = TK2K39AGKU;
				GENERATE_INFOPLIST_FILE = YES;
				INFOPLIST_FILE = FilmValley2/Info.plist;
				INFOPLIST_KEY_LSApplicationCategoryType = "public.app-category.entertainment";
				INFOPLIST_KEY_UIApplicationSupportsIndirectInputEvents = YES;
				INFOPLIST_KEY_UILaunchStoryboardName = LaunchScreen;
				INFOPLIST_KEY_UISupportedInterfaceOrientations_iPad = "UIInterfaceOrientationPortrait UIInterfaceOrientationPortraitUpsideDown UIInterfaceOrientationLandscapeLeft UIInterfaceOrientationLandscapeRight";
				INFOPLIST_KEY_UISupportedInterfaceOrientations_iPhone = "UIInterfaceOrientationPortrait UIInterfaceOrientationLandscapeLeft UIInterfaceOrientationLandscapeRight";
				IPHONEOS_DEPLOYMENT_TARGET = 16.0;
				LD_RUNPATH_SEARCH_PATHS = (
					"$(inherited)",
					"@executable_path/Frameworks",
				);
				MARKETING_VERSION = 1.0;
				PRODUCT_BUNDLE_IDENTIFIER = com.shiilwi.filmvalley;
				PRODUCT_NAME = "$(TARGET_NAME)";
				SWIFT_EMIT_LOC_STRINGS = YES;
				SWIFT_VERSION = 5.0;
				TARGETED_DEVICE_FAMILY = "1,2";
			};
			name = Debug;
		};
		2BA2051A2BCAA25E004DE6F3 /* Release */ = {
			isa = XCBuildConfiguration;
			buildSettings = {
				ASSETCATALOG_COMPILER_APPICON_NAME = AppIcon;
				ASSETCATALOG_COMPILER_GLOBAL_ACCENT_COLOR_NAME = AccentColor;
				CODE_SIGN_STYLE = Automatic;
				CURRENT_PROJECT_VERSION = 1;
				DEVELOPMENT_TEAM = TK2K39AGKU;
				GENERATE_INFOPLIST_FILE = YES;
				INFOPLIST_FILE = FilmValley2/Info.plist;
				INFOPLIST_KEY_LSApplicationCategoryType = "public.app-category.entertainment";
				INFOPLIST_KEY_UIApplicationSupportsIndirectInputEvents = YES;
				INFOPLIST_KEY_UILaunchStoryboardName = LaunchScreen;
				INFOPLIST_KEY_UISupportedInterfaceOrientations_iPad = "UIInterfaceOrientationPortrait UIInterfaceOrientationPortraitUpsideDown UIInterfaceOrientationLandscapeLeft UIInterfaceOrientationLandscapeRight";
				INFOPLIST_KEY_UISupportedInterfaceOrientations_iPhone = "UIInterfaceOrientationPortrait UIInterfaceOrientationLandscapeLeft UIInterfaceOrientationLandscapeRight";
				IPHONEOS_DEPLOYMENT_TARGET = 16.0;
				LD_RUNPATH_SEARCH_PATHS = (
					"$(inherited)",
					"@executable_path/Frameworks",
				);
				MARKETING_VERSION = 1.0;
				PRODUCT_BUNDLE_IDENTIFIER = com.shiilwi.filmvalley;
				PRODUCT_NAME = "$(TARGET_NAME)";
				SWIFT_EMIT_LOC_STRINGS = YES;
				SWIFT_VERSION = 5.0;
				TARGETED_DEVICE_FAMILY = "1,2";
			};
			name = Release;
		};
/* End XCBuildConfiguration section */

/* Begin XCConfigurationList section */
		2BA204FF2BCAA25D004DE6F3 /* Build configuration list for PBXProject "FilmValley2" */ = {
			isa = XCConfigurationList;
			buildConfigurations = (
				2BA205162BCAA25E004DE6F3 /* Debug */,
				2BA205172BCAA25E004DE6F3 /* Release */,
			);
			defaultConfigurationIsVisible = 0;
			defaultConfigurationName = Release;
		};
		2BA205182BCAA25E004DE6F3 /* Build configuration list for PBXNativeTarget "FilmValley2" */ = {
			isa = XCConfigurationList;
			buildConfigurations = (
				2BA205192BCAA25E004DE6F3 /* Debug */,
				2BA2051A2BCAA25E004DE6F3 /* Release */,
			);
			defaultConfigurationIsVisible = 0;
			defaultConfigurationName = Release;
		};
/* End XCConfigurationList section */

/* Begin XCRemoteSwiftPackageReference section */
		2B22A6702BD523C900B59718 /* XCRemoteSwiftPackageReference "firebase-ios-sdk" */ = {
			isa = XCRemoteSwiftPackageReference;
			repositoryURL = "https://github.com/firebase/firebase-ios-sdk";
			requirement = {
				kind = exactVersion;
				version = 10.24.0;
			};
		};
		2B23DDAD2C18A5ED003B4BD7 /* XCRemoteSwiftPackageReference "Charts" */ = {
			isa = XCRemoteSwiftPackageReference;
			repositoryURL = "https://github.com/ChartsOrg/Charts.git";
			requirement = {
				kind = upToNextMajorVersion;
				minimumVersion = 5.1.0;
			};
		};
/* End XCRemoteSwiftPackageReference section */

/* Begin XCSwiftPackageProductDependency section */
		2B23DDAE2C18A5ED003B4BD7 /* DGCharts */ = {
			isa = XCSwiftPackageProductDependency;
			package = 2B23DDAD2C18A5ED003B4BD7 /* XCRemoteSwiftPackageReference "Charts" */;
			productName = DGCharts;
		};
		2B26993E2BE7C8E600D11508 /* FirebaseAuth */ = {
			isa = XCSwiftPackageProductDependency;
			package = 2B22A6702BD523C900B59718 /* XCRemoteSwiftPackageReference "firebase-ios-sdk" */;
			productName = FirebaseAuth;
		};
		2B2699402BE7C8E600D11508 /* FirebaseAuthCombine-Community */ = {
			isa = XCSwiftPackageProductDependency;
			package = 2B22A6702BD523C900B59718 /* XCRemoteSwiftPackageReference "firebase-ios-sdk" */;
			productName = "FirebaseAuthCombine-Community";
		};
		2B2699442BE7C8E600D11508 /* FirebaseDatabase */ = {
			isa = XCSwiftPackageProductDependency;
			package = 2B22A6702BD523C900B59718 /* XCRemoteSwiftPackageReference "firebase-ios-sdk" */;
			productName = FirebaseDatabase;
		};
		2B2699462BE7C8E600D11508 /* FirebaseDatabaseSwift */ = {
			isa = XCSwiftPackageProductDependency;
			package = 2B22A6702BD523C900B59718 /* XCRemoteSwiftPackageReference "firebase-ios-sdk" */;
			productName = FirebaseDatabaseSwift;
		};
		2B26994A2BE7C8E600D11508 /* FirebaseFirestore */ = {
			isa = XCSwiftPackageProductDependency;
			package = 2B22A6702BD523C900B59718 /* XCRemoteSwiftPackageReference "firebase-ios-sdk" */;
			productName = FirebaseFirestore;
		};
		2B26994C2BE7C8E600D11508 /* FirebaseFirestoreCombine-Community */ = {
			isa = XCSwiftPackageProductDependency;
			package = 2B22A6702BD523C900B59718 /* XCRemoteSwiftPackageReference "firebase-ios-sdk" */;
			productName = "FirebaseFirestoreCombine-Community";
		};
		2B26994E2BE7C8E600D11508 /* FirebaseFirestoreSwift */ = {
			isa = XCSwiftPackageProductDependency;
			package = 2B22A6702BD523C900B59718 /* XCRemoteSwiftPackageReference "firebase-ios-sdk" */;
			productName = FirebaseFirestoreSwift;
		};
		2B2699502BE7C8E600D11508 /* FirebaseFunctions */ = {
			isa = XCSwiftPackageProductDependency;
			package = 2B22A6702BD523C900B59718 /* XCRemoteSwiftPackageReference "firebase-ios-sdk" */;
			productName = FirebaseFunctions;
		};
		2B2699522BE7C8E600D11508 /* FirebaseFunctionsCombine-Community */ = {
			isa = XCSwiftPackageProductDependency;
			package = 2B22A6702BD523C900B59718 /* XCRemoteSwiftPackageReference "firebase-ios-sdk" */;
			productName = "FirebaseFunctionsCombine-Community";
		};
		2B2699642BE7C8E600D11508 /* FirebaseStorage */ = {
			isa = XCSwiftPackageProductDependency;
			package = 2B22A6702BD523C900B59718 /* XCRemoteSwiftPackageReference "firebase-ios-sdk" */;
			productName = FirebaseStorage;
		};
		2B2699662BE7C8E600D11508 /* FirebaseStorageCombine-Community */ = {
			isa = XCSwiftPackageProductDependency;
			package = 2B22A6702BD523C900B59718 /* XCRemoteSwiftPackageReference "firebase-ios-sdk" */;
			productName = "FirebaseStorageCombine-Community";
		};
/* End XCSwiftPackageProductDependency section */
	};
	rootObject = 2BA204FC2BCAA25D004DE6F3 /* Project object */;
}
